
Microsoft Visual Studio Solution File, Format Version 12.00
# Visual Studio 15
VisualStudioVersion = 15.0.27703.2000
MinimumVisualStudioVersion = 10.0.40219.1
Project("{FAE04EC0-301F-11D3-BF4B-00C04F79EFBC}") = "Baseball", "Baseball\Baseball.csproj", "{D58BC38F-1238-4701-92C3-E1EDBF4BAE83}"
EndProject
Global
	GlobalSection(SolutionConfigurationPlatforms) = preSolution
		Debug|Any CPU = Debug|Any CPU
		Release|Any CPU = Release|Any CPU
	EndGlobalSection
	GlobalSection(ProjectConfigurationPlatforms) = postSolution
		{D58BC38F-1238-4701-92C3-E1EDBF4BAE83}.Debug|Any CPU.ActiveCfg = Debug|Any CPU
		{D58BC38F-1238-4701-92C3-E1EDBF4BAE83}.Debug|Any CPU.Build.0 = Debug|Any CPU
		{D58BC38F-1238-4701-92C3-E1EDBF4BAE83}.Release|Any CPU.ActiveCfg = Release|Any CPU
		{D58BC38F-1238-4701-92C3-E1EDBF4BAE83}.Release|Any CPU.Build.0 = Release|Any CPU
	EndGlobalSection
	GlobalSection(SolutionProperties) = preSolution
		HideSolutionNode = FALSE
	EndGlobalSection
	GlobalSection(ExtensibilityGlobals) = postSolution
		SolutionGuid = {E3B665B7-74F5-4822-A1B0-F59155075164}
	EndGlobalSection
EndGlobal
